<Solution>
    <Folder Name="/Solution Items/">
        <File Path=".editorconfig"/>
        <File Path="Directory.Build.props"/>
        <File Path="Directory.Packages.props"/>
    </Folder>

    <Folder Name="/src/">
        <Project Path="src/Truffleware.Abstractions/Truffleware.Abstractions.csproj"/>
        <Project Path="src/Truffleware.CodeAnalysis/Truffleware.CodeAnalysis.csproj"/>
    </Folder>

    <Folder Name="/tests/">
        <Project Path="tests/Truffleware.CodeAnalysis.Tests/Truffleware.CodeAnalysis.Tests.csproj"/>
    </Folder>
</Solution>
